
Microsoft Visual Studio Solution File, Format Version 12.00
# Visual Studio 14
VisualStudioVersion = 14.0.25420.1
MinimumVisualStudioVersion = 10.0.40219.1
Project("{FAE04EC0-301F-11D3-BF4B-00C04F79EFBC}") = "uOrder", "uOrder\uOrder.csproj", "{57B43BDA-B1E5-49C7-9635-27640CD206F0}"
EndProject
Project("{2150E333-8FDC-42A3-9474-1A3956D46DE8}") = "Solution Items", "Solution Items", "{28134517-C2DA-478B-81DA-544367B64F22}"
	ProjectSection(SolutionItems) = preProject
		..\..\..\..\Pictures\bottom_bar.png = ..\..\..\..\Pictures\bottom_bar.png
		..\..\..\..\Pictures\icon-info.jpg = ..\..\..\..\Pictures\icon-info.jpg
		..\..\..\..\Pictures\icon-oceanwise.jpg = ..\..\..\..\Pictures\icon-oceanwise.jpg
		..\..\..\..\Pictures\icon-veg.jpg = ..\..\..\..\Pictures\icon-veg.jpg
		..\..\..\..\Pictures\Logo.png = ..\..\..\..\Pictures\Logo.png
		..\..\..\logo3.png = ..\..\..\logo3.png
	EndProjectSection
EndProject
Global
	GlobalSection(SolutionConfigurationPlatforms) = preSolution
		Debug|Any CPU = Debug|Any CPU
		Release|Any CPU = Release|Any CPU
	EndGlobalSection
	GlobalSection(ProjectConfigurationPlatforms) = postSolution
		{57B43BDA-B1E5-49C7-9635-27640CD206F0}.Debug|Any CPU.ActiveCfg = Debug|Any CPU
		{57B43BDA-B1E5-49C7-9635-27640CD206F0}.Debug|Any CPU.Build.0 = Debug|Any CPU
		{57B43BDA-B1E5-49C7-9635-27640CD206F0}.Release|Any CPU.ActiveCfg = Release|Any CPU
		{57B43BDA-B1E5-49C7-9635-27640CD206F0}.Release|Any CPU.Build.0 = Release|Any CPU
	EndGlobalSection
	GlobalSection(SolutionProperties) = preSolution
		HideSolutionNode = FALSE
	EndGlobalSection
EndGlobal
